version = 1
revision = 3
requires-python = ">=3.10"

[[package]]
name = "blake3"
version = "1.0.8"
source = { registry = "https://mirrors.aliyun.com/pypi/simple" }
dependencies = [
    { name = "typing-extensions", marker = "python_full_version < '3.12'" },
]
sdist = { url = "https://mirrors.aliyun.com/pypi/packages/75/aa/abcd75e9600987a0bc6cfe9b6b2ff3f0e2cb08c170addc6e76035b5c4cb3/blake3-1.0.8.tar.gz", hash = "sha256:513cc7f0f5a7c035812604c2c852a0c1468311345573de647e310aca4ab165ba" }
wheels = [
    { url = "https://mirrors.aliyun.com/pypi/packages/52/a0/fbe66cf17f72cab1600246b90db6cb39b52a88335b9bd2821688379d8dde/blake3-1.0.8-cp310-cp310-macosx_10_12_x86_64.whl", hash = "sha256:8956bb9aec47b6c37ccce935a943588f1f5e6e2e85d43bb7cb76a574238f8a9b" },
    { url = "https://mirrors.aliyun.com/pypi/packages/20/bc/f4b88873054aa87b8c36398775713bf674807e7449a9c7fefe35d3cf1dc5/blake3-1.0.8-cp310-cp310-macosx_11_0_arm64.whl", hash = "sha256:7adbbee5dd0c302218eb8acdfd82b7006930eb5798f56f79f9cca89f6f192662" },
    { url = "https://mirrors.aliyun.com/pypi/packages/b9/e5/4c37ced9358cece71f2f380a57f77a449f6e87cc6d9f450613237b7a3078/blake3-1.0.8-cp310-cp310-manylinux_2_17_aarch64.manylinux2014_aarch64.whl", hash = "sha256:859cd57bac097a2cd63cb36d64c2f6f16c9edece5590f929e70157478e46dc9e" },
    { url = "https://mirrors.aliyun.com/pypi/packages/d1/df/0825da1cde7ca63a8bcdc785ca7f8647b025e9497eef18c75bb9754dbd26/blake3-1.0.8-cp310-cp310-manylinux_2_17_armv7l.manylinux2014_armv7l.whl", hash = "sha256:9e1d70bf76c02846d0868a3d413eb6c430b76a315e12f1b2e59b5cf56c1f62a3" },
    { url = "https://mirrors.aliyun.com/pypi/packages/b7/a3/43f10c623179dce789ca9e3b8f4064fb6312e99f05c1aae360d07ad95bb0/blake3-1.0.8-cp310-cp310-manylinux_2_17_i686.manylinux2014_i686.whl", hash = "sha256:d3fe26f145fcb82931d1820b55c0279f72f8f8e49450dd9d74efbfd409b28423" },
    { url = "https://mirrors.aliyun.com/pypi/packages/db/8f/9431bf5fe0eedeb2aadb4fe81fb18945cf8d49adad98e7988fb3cdac76c2/blake3-1.0.8-cp310-cp310-manylinux_2_17_ppc64le.manylinux2014_ppc64le.whl", hash = "sha256:97c076d58ee37eb5b2d8d91bb9db59c5a008fd59c71845dc57fe438aeeabaf10" },
    { url = "https://mirrors.aliyun.com/pypi/packages/ac/55/3712cdaebaefa8d5acec46f8df7861ba1832e1e188bc1333dd5acd31f760/blake3-1.0.8-cp310-cp310-manylinux_2_17_s390x.manylinux2014_s390x.whl", hash = "sha256:78731ce7fca46f776ae45fb5271a2a76c4a92c9687dd4337e84b2ae9a174b28f" },
    { url = "https://mirrors.aliyun.com/pypi/packages/1f/d0/add0441e7aaa6b358cac0ddc9246f0799b60d25f06bd542b554afe19fd85/blake3-1.0.8-cp310-cp310-manylinux_2_17_x86_64.manylinux2014_x86_64.whl", hash = "sha256:c65e373c8b47174b969ee61a89ee56922f722972eb650192845c8546df8d9db9" },
    { url = "https://mirrors.aliyun.com/pypi/packages/b2/9a/e4a61f5c0cad4d51a886e8f4367e590caaead8a4809892292bf724c4421d/blake3-1.0.8-cp310-cp310-musllinux_1_1_aarch64.whl", hash = "sha256:db54946792d2b8c6fa4be73e6e334519f13c1b52e7ff346b3e2ec8ad3eb59401" },
    { url = "https://mirrors.aliyun.com/pypi/packages/28/c7/90c01091465628acff96534e82d4b3bc16ca22c515f69916d2715273c0e3/blake3-1.0.8-cp310-cp310-musllinux_1_1_x86_64.whl", hash = "sha256:67d9c42c42eb1c7aedcf901591c743266009fcf48babf6d6f8450f567cb94a84" },
    { url = "https://mirrors.aliyun.com/pypi/packages/d5/11/812d7125c6e99e5e0e841a9af2c4161ac811c027e08886353df76eae7b96/blake3-1.0.8-cp310-cp310-win32.whl", hash = "sha256:444215a1e5201f8fa4e5c7352e938a7070cd33d66aeb1dd9b1103a64b6920f9e" },
    { url = "https://mirrors.aliyun.com/pypi/packages/3c/7e/ab9b5c4b650ff397d347451bfb1ad7e6e53dc06c945e2fd091f27a76422e/blake3-1.0.8-cp310-cp310-win_amd64.whl", hash = "sha256:725c52c4d393c7bd1a10682df322d480734002a1389b320366c660568708846b" },
    { url = "https://mirrors.aliyun.com/pypi/packages/7d/e1/1df74c915fde3c48940247ad64984f40f5968191d7b5230bcc7b31402e7c/blake3-1.0.8-cp311-cp311-macosx_10_12_x86_64.whl", hash = "sha256:9a8946cb6b1d2b2096daaaa89856f39887bce2b78503fa31b78173e3a86fa281" },
    { url = "https://mirrors.aliyun.com/pypi/packages/bb/0d/7c47ae1f5f8d60783ce6234a8b31db351fc62be243006a6276284ca3d40d/blake3-1.0.8-cp311-cp311-macosx_11_0_arm64.whl", hash = "sha256:adccc3a139207e02bb7d7bb0715fe0b87069685aad5f3afff820b2f829467904" },
    { url = "https://mirrors.aliyun.com/pypi/packages/f4/0a/515209b0c282c360e249b89cd85350d97cfd55fadbb4df736c67b77b27a1/blake3-1.0.8-cp311-cp311-manylinux_2_17_aarch64.manylinux2014_aarch64.whl", hash = "sha256:7fcfe81b3ae3fb5d2e88be0d3259603ff95f0d5ed69f655c28fdaef31e49a470" },
    { url = "https://mirrors.aliyun.com/pypi/packages/a0/33/9d342a2bf5817f006bbe947335e5d387327541ea47590854947befd01251/blake3-1.0.8-cp311-cp311-manylinux_2_17_armv7l.manylinux2014_armv7l.whl", hash = "sha256:58ce8d45a5bb5326482de72ea1969a378634236186a970fef63058a5b7b8b435" },
    { url = "https://mirrors.aliyun.com/pypi/packages/5b/fc/ea4bef850a7ec9fbb383503fd3c56056dd9fa44e10c3bc61050ab7b2bac0/blake3-1.0.8-cp311-cp311-manylinux_2_17_i686.manylinux2014_i686.whl", hash = "sha256:83605dbf43f581d8b7175b7f3bfe5388bad5a7c6ac175c9c11d669da31133f4b" },
    { url = "https://mirrors.aliyun.com/pypi/packages/a5/67/167a65a4c431715407d07b1b8b1367698a3ad88e7260edb85f0c5293f08a/blake3-1.0.8-cp311-cp311-manylinux_2_17_ppc64le.manylinux2014_ppc64le.whl", hash = "sha256:3b5573b052777142b2cecc453d022c3f21aa4aba75011258410bb98f41c1a727" },
    { url = "https://mirrors.aliyun.com/pypi/packages/32/e2/0886e192d634b264c613b0fbf380745b39992b424a0effc00ef08783644e/blake3-1.0.8-cp311-cp311-manylinux_2_17_s390x.manylinux2014_s390x.whl", hash = "sha256:fe1b02ab49bfd969ef50b9f17482a2011c77536654af21807ba5c2674e0bb2a0" },
    { url = "https://mirrors.aliyun.com/pypi/packages/fc/3b/7fb2fe615448caaa5f6632b2c7551117b38ccac747a3a5769181e9751641/blake3-1.0.8-cp311-cp311-manylinux_2_17_x86_64.manylinux2014_x86_64.whl", hash = "sha256:c7780666dc6be809b49442d6d5ce06fdbe33024a87560b58471103ec17644682" },
    { url = "https://mirrors.aliyun.com/pypi/packages/bc/8c/2bfc942c6c97cb3d20f341859343bb86ee20af723fedfc886373e606079b/blake3-1.0.8-cp311-cp311-musllinux_1_1_aarch64.whl", hash = "sha256:af394b50c6aa0b1b957a99453d1ee440ef67cd2d1b5669c731647dc723de8a3a" },
    { url = "https://mirrors.aliyun.com/pypi/packages/7e/75/0252be37620699b79dbaa799c9b402d63142a131d16731df4ef09d135dd7/blake3-1.0.8-cp311-cp311-musllinux_1_1_x86_64.whl", hash = "sha256:c63ece266a43014cf29e772a82857cd8e90315ae3ed53e3c5204851596edd5f2" },
    { url = "https://mirrors.aliyun.com/pypi/packages/8c/6d/d698ae2d5ddd25976fd2c11b079ca071334aecbba6414da8c9cc8e19d833/blake3-1.0.8-cp311-cp311-win32.whl", hash = "sha256:44c2815d4616fad7e2d757d121c0a11780f70ffc817547b3059b5c7e224031a7" },
    { url = "https://mirrors.aliyun.com/pypi/packages/34/d7/33b01e27dc3542dc9ec44132684506f880cd0257b04da0bf7f4b2afa41c8/blake3-1.0.8-cp311-cp311-win_amd64.whl", hash = "sha256:8f2ef8527a7a8afd99b16997d015851ccc0fe2a409082cebb980af2554e5c74c" },
    { url = "https://mirrors.aliyun.com/pypi/packages/ed/a0/b7b6dff04012cfd6e665c09ee446f749bd8ea161b00f730fe1bdecd0f033/blake3-1.0.8-cp312-cp312-macosx_10_12_x86_64.whl", hash = "sha256:d8da4233984d51471bd4e4366feda1d90d781e712e0a504ea54b1f2b3577557b" },
    { url = "https://mirrors.aliyun.com/pypi/packages/5b/a2/264091cac31d7ae913f1f296abc20b8da578b958ffb86100a7ce80e8bf5c/blake3-1.0.8-cp312-cp312-macosx_11_0_arm64.whl", hash = "sha256:1257be19f2d381c868a34cc822fc7f12f817ddc49681b6d1a2790bfbda1a9865" },
    { url = "https://mirrors.aliyun.com/pypi/packages/ee/7d/85a4c0782f613de23d114a7a78fcce270f75b193b3ff3493a0de24ba104a/blake3-1.0.8-cp312-cp312-manylinux_2_17_aarch64.manylinux2014_aarch64.whl", hash = "sha256:269f255b110840e52b6ce9db02217e39660ebad3e34ddd5bca8b8d378a77e4e1" },
    { url = "https://mirrors.aliyun.com/pypi/packages/e3/20/488475254976ed93fab57c67aa80d3b40df77f7d9db6528c9274bff53e08/blake3-1.0.8-cp312-cp312-manylinux_2_17_armv7l.manylinux2014_armv7l.whl", hash = "sha256:66ca28a673025c40db3eba21a9cac52f559f83637efa675b3f6bd8683f0415f3" },
    { url = "https://mirrors.aliyun.com/pypi/packages/7b/21/2a1c47fedb77fb396512677ec6d46caf42ac6e9a897db77edd0a2a46f7bb/blake3-1.0.8-cp312-cp312-manylinux_2_17_i686.manylinux2014_i686.whl", hash = "sha256:bcb04966537777af56c1f399b35525aa70a1225816e121ff95071c33c0f7abca" },
    { url = "https://mirrors.aliyun.com/pypi/packages/cb/7d/db0626df16029713e7e61b67314c4835e85c296d82bd907c21c6ea271da2/blake3-1.0.8-cp312-cp312-manylinux_2_17_ppc64le.manylinux2014_ppc64le.whl", hash = "sha256:e5b5da177d62cc4b7edf0cea08fe4dec960c9ac27f916131efa890a01f747b93" },
    { url = "https://mirrors.aliyun.com/pypi/packages/5b/55/6e737850c2d58a6d9de8a76dad2ae0f75b852a23eb4ecb07a0b165e6e436/blake3-1.0.8-cp312-cp312-manylinux_2_17_s390x.manylinux2014_s390x.whl", hash = "sha256:38209b10482c97e151681ea3e91cc7141f56adbbf4820a7d701a923124b41e6a" },
    { url = "https://mirrors.aliyun.com/pypi/packages/5b/94/eafaa5cdddadc0c9c603a6a6d8339433475e1a9f60c8bb9c2eed2d8736b6/blake3-1.0.8-cp312-cp312-manylinux_2_17_x86_64.manylinux2014_x86_64.whl", hash = "sha256:504d1399b7fb91dfe5c25722d2807990493185faa1917456455480c36867adb5" },
    { url = "https://mirrors.aliyun.com/pypi/packages/17/81/735fa00d13de7f68b25e1b9cb36ff08c6f165e688d85d8ec2cbfcdedccc5/blake3-1.0.8-cp312-cp312-musllinux_1_1_aarch64.whl", hash = "sha256:c84af132aa09abeadf9a0118c8fb26f4528f3f42c10ef8be0fcf31c478774ec4" },
    { url = "https://mirrors.aliyun.com/pypi/packages/0e/c6/d1fe8bdea4a6088bd54b5a58bc40aed89a4e784cd796af7722a06f74bae7/blake3-1.0.8-cp312-cp312-musllinux_1_1_x86_64.whl", hash = "sha256:a25db3d36b55f5ed6a86470155cc749fc9c5b91c949b8d14f48658f9d960d9ec" },
    { url = "https://mirrors.aliyun.com/pypi/packages/55/d1/ca74aa450cbe10e396e061f26f7a043891ffa1485537d6b30d3757e20995/blake3-1.0.8-cp312-cp312-win32.whl", hash = "sha256:e0fee93d5adcd44378b008c147e84f181f23715307a64f7b3db432394bbfce8b" },
    { url = "https://mirrors.aliyun.com/pypi/packages/4d/42/bbd02647169e3fbed27558555653ac2578c6f17ccacf7d1956c58ef1d214/blake3-1.0.8-cp312-cp312-win_amd64.whl", hash = "sha256:6a6eafc29e4f478d365a87d2f25782a521870c8514bb43734ac85ae9be71caf7" },
    { url = "https://mirrors.aliyun.com/pypi/packages/55/b8/11de9528c257f7f1633f957ccaff253b706838d22c5d2908e4735798ec01/blake3-1.0.8-cp313-cp313-macosx_10_12_x86_64.whl", hash = "sha256:46dc20976bd6c235959ef0246ec73420d1063c3da2839a9c87ca395cf1fd7943" },
    { url = "https://mirrors.aliyun.com/pypi/packages/50/26/f7668be55c909678b001ecacff11ad7016cd9b4e9c7cc87b5971d638c5a9/blake3-1.0.8-cp313-cp313-macosx_11_0_arm64.whl", hash = "sha256:d17eb6382634b3a5bc0c0e0454d5265b0becaeeadb6801ed25150b39a999d0cc" },
    { url = "https://mirrors.aliyun.com/pypi/packages/77/57/e8a85fa261894bf7ce7af928ff3408aab60287ab8d58b55d13a3f700b619/blake3-1.0.8-cp313-cp313-manylinux_2_17_aarch64.manylinux2014_aarch64.whl", hash = "sha256:19fc6f2b7edab8acff6895fc6e38c19bd79f4c089e21153020c75dfc7397d52d" },
    { url = "https://mirrors.aliyun.com/pypi/packages/62/cd/765b76bb48b8b294fea94c9008b0d82b4cfa0fa2f3c6008d840d01a597e4/blake3-1.0.8-cp313-cp313-manylinux_2_17_armv7l.manylinux2014_armv7l.whl", hash = "sha256:4f54cff7f15d91dc78a63a2dd02a3dccdc932946f271e2adb4130e0b4cf608ba" },
    { url = "https://mirrors.aliyun.com/pypi/packages/36/7a/32084eadbb28592bb07298f0de316d2da586c62f31500a6b1339a7e7b29b/blake3-1.0.8-cp313-cp313-manylinux_2_17_i686.manylinux2014_i686.whl", hash = "sha256:e7e12a777f6b798eb8d06f875d6e108e3008bd658d274d8c676dcf98e0f10537" },
    { url = "https://mirrors.aliyun.com/pypi/packages/a7/f4/3788a1d86e17425eea147e28d7195d7053565fc279236a9fd278c2ec495e/blake3-1.0.8-cp313-cp313-manylinux_2_17_ppc64le.manylinux2014_ppc64le.whl", hash = "sha256:ddfc59b0176fb31168f08d5dd536e69b1f4f13b5a0f4b0c3be1003efd47f9308" },
    { url = "https://mirrors.aliyun.com/pypi/packages/fe/01/4639cba48513b94192681b4da472cdec843d3001c5344d7051ee5eaef606/blake3-1.0.8-cp313-cp313-manylinux_2_17_s390x.manylinux2014_s390x.whl", hash = "sha256:a2336d5b2a801a7256da21150348f41610a6c21dae885a3acb1ebbd7333d88d8" },
    { url = "https://mirrors.aliyun.com/pypi/packages/21/ae/6e55c19c8460fada86cd1306a390a09b0c5a2e2e424f9317d2edacea439f/blake3-1.0.8-cp313-cp313-manylinux_2_17_x86_64.manylinux2014_x86_64.whl", hash = "sha256:e4072196547484c95a5a09adbb952e9bb501949f03f9e2a85e7249ef85faaba8" },
    { url = "https://mirrors.aliyun.com/pypi/packages/ee/6c/05b7a5a907df1be53a8f19e7828986fc6b608a44119641ef9c0804fbef15/blake3-1.0.8-cp313-cp313-musllinux_1_1_aarch64.whl", hash = "sha256:0eab3318ec02f8e16fe549244791ace2ada2c259332f0c77ab22cf94dfff7130" },
    { url = "https://mirrors.aliyun.com/pypi/packages/b4/03/f0ea4adfedc1717623be6460b3710fcb725ca38082c14274369803f727e1/blake3-1.0.8-cp313-cp313-musllinux_1_1_x86_64.whl", hash = "sha256:a33b9a1fb6d1d559a8e0d04b041e99419a6bb771311c774f6ff57ed7119c70ed" },
    { url = "https://mirrors.aliyun.com/pypi/packages/cc/6f/e5410d2e2a30c8aba8389ffc1c0061356916bf5ecd0a210344e7b69b62ab/blake3-1.0.8-cp313-cp313-win32.whl", hash = "sha256:e171b169cb7ea618e362a4dddb7a4d4c173bbc08b9ba41ea3086dd1265530d4f" },
    { url = "https://mirrors.aliyun.com/pypi/packages/79/ef/d9c297956dfecd893f29f59e7b22445aba5b47b7f6815d9ba5dcd73fcae6/blake3-1.0.8-cp313-cp313-win_amd64.whl", hash = "sha256:3168c457255b5d2a2fc356ba696996fcaff5d38284f968210d54376312107662" },
    { url = "https://mirrors.aliyun.com/pypi/packages/20/ba/eaa7723d66dd8ab762a3e85e139bb9c46167b751df6e950ad287adb8fb61/blake3-1.0.8-cp313-cp313t-macosx_10_12_x86_64.whl", hash = "sha256:b4d672c24dc15ec617d212a338a4ca14b449829b6072d09c96c63b6e6b621aed" },
    { url = "https://mirrors.aliyun.com/pypi/packages/47/b3/6957f6ee27f0d5b8c4efdfda68a1298926a88c099f4dd89c711049d16526/blake3-1.0.8-cp313-cp313t-macosx_11_0_arm64.whl", hash = "sha256:1af0e5a29aa56d4fba904452ae784740997440afd477a15e583c38338e641f41" },
    { url = "https://mirrors.aliyun.com/pypi/packages/13/da/722cebca11238f3b24d3cefd2361c9c9ea47cfa0ad9288eeb4d1e0b7cf93/blake3-1.0.8-cp313-cp313t-manylinux_2_17_aarch64.manylinux2014_aarch64.whl", hash = "sha256:ef153c5860d5bf1cc71aece69b28097d2a392913eb323d6b52555c875d0439fc" },
    { url = "https://mirrors.aliyun.com/pypi/packages/2e/d5/2f7440c8e41c0af995bad3a159e042af0f4ed1994710af5b4766ca918f65/blake3-1.0.8-cp313-cp313t-manylinux_2_17_armv7l.manylinux2014_armv7l.whl", hash = "sha256:e8ae3689f0c7bfa6ce6ae45cab110e4c3442125c4c23b28f1f097856de26e4d1" },
    { url = "https://mirrors.aliyun.com/pypi/packages/a6/6c/fb6a7812e60ce3e110bcbbb11f167caf3e975c589572c41e1271f35f2c41/blake3-1.0.8-cp313-cp313t-manylinux_2_17_i686.manylinux2014_i686.whl", hash = "sha256:3fb83532f7456ddeb68dae1b36e1f7c52f9cb72852ac01159bbcb1a12b0f8be0" },
    { url = "https://mirrors.aliyun.com/pypi/packages/13/3b/c99b43fae5047276ea9d944077c190fc1e5f22f57528b9794e21f7adedc6/blake3-1.0.8-cp313-cp313t-manylinux_2_17_ppc64le.manylinux2014_ppc64le.whl", hash = "sha256:6ae7754c7d96e92a70a52e07c732d594cf9924d780f49fffd3a1e9235e0f5ba7" },
    { url = "https://mirrors.aliyun.com/pypi/packages/fc/bb/ba90eddd592f8c074a0694cb0a744b6bd76bfe67a14c2b490c8bdfca3119/blake3-1.0.8-cp313-cp313t-manylinux_2_17_s390x.manylinux2014_s390x.whl", hash = "sha256:4bacaae75e98dee3b7da6c5ee3b81ee21a3352dd2477d6f1d1dbfd38cdbf158a" },
    { url = "https://mirrors.aliyun.com/pypi/packages/25/ed/58a2acd0b9e14459cdaef4344db414d4a36e329b9720921b442a454dd443/blake3-1.0.8-cp313-cp313t-manylinux_2_17_x86_64.manylinux2014_x86_64.whl", hash = "sha256:9456c829601d72852d8ba0af8dae0610f7def1d59f5942efde1e2ef93e8a8b57" },
    { url = "https://mirrors.aliyun.com/pypi/packages/4a/04/fed09845b18d90862100c8e48308261e2f663aab25d3c71a6a0bdda6618b/blake3-1.0.8-cp313-cp313t-musllinux_1_1_aarch64.whl", hash = "sha256:497ef8096ec4ac1ffba9a66152cee3992337cebf8ea434331d8fd9ce5423d227" },
    { url = "https://mirrors.aliyun.com/pypi/packages/d6/65/1859fddfabc1cc72548c2269d988819aad96d854e25eae00531517925901/blake3-1.0.8-cp313-cp313t-musllinux_1_1_x86_64.whl", hash = "sha256:511133bab85ff60ed143424ce484d08c60894ff7323f685d7a6095f43f0c85c3" },
    { url = "https://mirrors.aliyun.com/pypi/packages/c1/c7/2969352017f62378e388bb07bb2191bc9a953f818dc1cd6b9dd5c24916e1/blake3-1.0.8-cp313-cp313t-win32.whl", hash = "sha256:9c9fbdacfdeb68f7ca53bb5a7a5a593ec996eaf21155ad5b08d35e6f97e60877" },
    { url = "https://mirrors.aliyun.com/pypi/packages/d8/fc/923e25ac9cadfff1cd20038bcc0854d0f98061eb6bc78e42c43615f5982d/blake3-1.0.8-cp313-cp313t-win_amd64.whl", hash = "sha256:3cec94ed5676821cf371e9c9d25a41b4f3ebdb5724719b31b2749653b7cc1dfa" },
    { url = "https://mirrors.aliyun.com/pypi/packages/2e/2a/9f13ea01b03b1b4751a1cc2b6c1ef4b782e19433a59cf35b59cafb2a2696/blake3-1.0.8-cp314-cp314-macosx_10_12_x86_64.whl", hash = "sha256:2c33dac2c6112bc23f961a7ca305c7e34702c8177040eb98d0389d13a347b9e1" },
    { url = "https://mirrors.aliyun.com/pypi/packages/06/8e/8458c4285fbc5de76414f243e4e0fcab795d71a8b75324e14959aee699da/blake3-1.0.8-cp314-cp314-macosx_11_0_arm64.whl", hash = "sha256:c445eff665d21c3b3b44f864f849a2225b1164c08654beb23224a02f087b7ff1" },
    { url = "https://mirrors.aliyun.com/pypi/packages/49/fa/b913eb9cc4af708c03e01e6b88a8bb3a74833ba4ae4b16b87e2829198e06/blake3-1.0.8-cp314-cp314-manylinux_2_17_aarch64.manylinux2014_aarch64.whl", hash = "sha256:a47939f04b89c5c6ff1e51e883e5efab1ea1bf01a02f4d208d216dddd63d0dd8" },
    { url = "https://mirrors.aliyun.com/pypi/packages/7f/4f/245e0800c33b99c8f2b570d9a7199b51803694913ee4897f339648502933/blake3-1.0.8-cp314-cp314-manylinux_2_17_armv7l.manylinux2014_armv7l.whl", hash = "sha256:73e0b4fa25f6e3078526a592fb38fca85ef204fd02eced6731e1cdd9396552d4" },
    { url = "https://mirrors.aliyun.com/pypi/packages/a2/a6/8cb182c8e482071dbdfcc6ec0048271fd48bcb78782d346119ff54993700/blake3-1.0.8-cp314-cp314-manylinux_2_17_i686.manylinux2014_i686.whl", hash = "sha256:4b0543c57eb9d6dac9d4bced63e9f7f7b546886ac04cec8da3c3d9c8f30cbbb7" },
    { url = "https://mirrors.aliyun.com/pypi/packages/06/b7/1cbbb5574d2a9436d1b15e7eb5b9d82e178adcaca71a97b0fddaca4bfe3a/blake3-1.0.8-cp314-cp314-manylinux_2_17_ppc64le.manylinux2014_ppc64le.whl", hash = "sha256:ed972ebd553c0c25363459e9fc71a38c045d8419e365b59acd8cd791eff13981" },
    { url = "https://mirrors.aliyun.com/pypi/packages/9c/45/b55825d90af353b3e26c653bab278da9d6563afcf66736677f9397e465be/blake3-1.0.8-cp314-cp314-manylinux_2_17_s390x.manylinux2014_s390x.whl", hash = "sha256:3bafdec95dfffa3f6571e529644744e280337df15ddd9728f224ba70c5779b23" },
    { url = "https://mirrors.aliyun.com/pypi/packages/34/73/9058a1a457dd20491d1b37de53d6876eff125e1520d9b2dd7d0acbc88de2/blake3-1.0.8-cp314-cp314-manylinux_2_17_x86_64.manylinux2014_x86_64.whl", hash = "sha256:2d78f06f3fb838b34c330e2987090376145cbe5944d8608a0c4779c779618f7b" },
    { url = "https://mirrors.aliyun.com/pypi/packages/30/6d/561d537ffc17985e276e08bf4513f1c106f1fdbef571e782604dc4e44070/blake3-1.0.8-cp314-cp314-musllinux_1_1_aarch64.whl", hash = "sha256:dd03ff08d1b6e4fdda1cd03826f971ae8966ef6f683a8c68aa27fb21904b5aa9" },
    { url = "https://mirrors.aliyun.com/pypi/packages/03/2f/dbe20d2c57f1a67c63be4ba310bcebc707b945c902a0bde075d2a8f5cd5c/blake3-1.0.8-cp314-cp314-musllinux_1_1_x86_64.whl", hash = "sha256:4e02a3c499e35bf51fc15b2738aca1a76410804c877bcd914752cac4f71f052a" },
    { url = "https://mirrors.aliyun.com/pypi/packages/6b/da/c6cb712663c869b2814870c2798e57289c4268c5ac5fb12d467fce244860/blake3-1.0.8-cp314-cp314-win32.whl", hash = "sha256:a585357d5d8774aad9ffc12435de457f9e35cde55e0dc8bc43ab590a6929e59f" },
    { url = "https://mirrors.aliyun.com/pypi/packages/dc/b6/c7dcd8bc3094bba1c4274e432f9e77a7df703532ca000eaa550bd066b870/blake3-1.0.8-cp314-cp314-win_amd64.whl", hash = "sha256:9ab5998e2abd9754819753bc2f1cf3edf82d95402bff46aeef45ed392a5468bf" },
    { url = "https://mirrors.aliyun.com/pypi/packages/75/3c/6c8afd856c353176836daa5cc33a7989e8f54569e9d53eb1c53fc8f80c34/blake3-1.0.8-cp314-cp314t-macosx_10_12_x86_64.whl", hash = "sha256:e2df12f295f95a804338bd300e8fad4a6f54fd49bd4d9c5893855a230b5188a8" },
    { url = "https://mirrors.aliyun.com/pypi/packages/6a/35/92cd5501ce8e1f5cabdc0c3ac62d69fdb13ff0b60b62abbb2b6d0a53a790/blake3-1.0.8-cp314-cp314t-macosx_11_0_arm64.whl", hash = "sha256:63379be58438878eeb76ebe4f0efbeaabf42b79f2cff23b6126b7991588ced67" },
    { url = "https://mirrors.aliyun.com/pypi/packages/11/33/503b37220a3e2e31917ef13722efd00055af51c5e88ae30974c733d7ece6/blake3-1.0.8-cp314-cp314t-manylinux_2_17_aarch64.manylinux2014_aarch64.whl", hash = "sha256:88d527c247f9609dc1d45a08fd243e39f0d5300d54c57e048de24d4fa9240ebb" },
    { url = "https://mirrors.aliyun.com/pypi/packages/3e/df/fe817843adf59516c04d44387bd643b422a3b0400ea95c6ede6a49920737/blake3-1.0.8-cp314-cp314t-manylinux_2_17_armv7l.manylinux2014_armv7l.whl", hash = "sha256:506a47897a11ebe8f3cdeb52f1365d6a2f83959e98ccb0c830f8f73277d4d358" },
    { url = "https://mirrors.aliyun.com/pypi/packages/d1/4d/90a2a623575373dfc9b683f1bad1bf017feafa5a6d65d94fb09543050740/blake3-1.0.8-cp314-cp314t-manylinux_2_17_i686.manylinux2014_i686.whl", hash = "sha256:e5122a61b3b004bbbd979bdf83a3aaab432da3e2a842d7ddf1c273f2503b4884" },
    { url = "https://mirrors.aliyun.com/pypi/packages/93/ff/4e8ce314f60115c4c657b1fdbe9225b991da4f5bcc5d1c1f1d151e2f39d6/blake3-1.0.8-cp314-cp314t-manylinux_2_17_ppc64le.manylinux2014_ppc64le.whl", hash = "sha256:0171e85d56dec1219abdae5f49a0ed12cb3f86a454c29160a64fd8a8166bba37" },
    { url = "https://mirrors.aliyun.com/pypi/packages/44/88/2963a1f18aab52bdcf35379b2b48c34bbc462320c37e76960636b8602c36/blake3-1.0.8-cp314-cp314t-manylinux_2_17_s390x.manylinux2014_s390x.whl", hash = "sha256:003f61e8c41dd9931edddf1cc6a1bb680fb2ac0ad15493ef4a1df9adc59ce9df" },
    { url = "https://mirrors.aliyun.com/pypi/packages/45/d1/a848ed8e8d4e236b9b16381768c9ae99d92890c24886bb4505aa9c3d2033/blake3-1.0.8-cp314-cp314t-manylinux_2_17_x86_64.manylinux2014_x86_64.whl", hash = "sha256:d2c3151955efb09ba58cd3e1263521e15e9e3866a40d6bd3556d86fc968e8f95" },
    { url = "https://mirrors.aliyun.com/pypi/packages/96/09/e3eb5d60f97c01de23d9f434e6e1fc117efb466eaa1f6ddbbbcb62580d6e/blake3-1.0.8-cp314-cp314t-musllinux_1_1_aarch64.whl", hash = "sha256:5eb25bca3cee2e0dd746a214784fb36be6a43640c01c55b6b4e26196e72d076c" },
    { url = "https://mirrors.aliyun.com/pypi/packages/14/ad/3d9661c710febb8957dd685fdb3e5a861aa0ac918eda3031365ce45789e2/blake3-1.0.8-cp314-cp314t-musllinux_1_1_x86_64.whl", hash = "sha256:ab4e1dea4fa857944944db78e8f20d99ee2e16b2dea5a14f514fb0607753ac83" },
    { url = "https://mirrors.aliyun.com/pypi/packages/11/55/e332a5b49edf377d0690e95951cca21a00c568f6e37315f9749efee52617/blake3-1.0.8-cp314-cp314t-win32.whl", hash = "sha256:67f1bc11bf59464ef092488c707b13dd4e872db36e25c453dfb6e0c7498df9f1" },
    { url = "https://mirrors.aliyun.com/pypi/packages/b0/5c/dbd00727a3dd165d7e0e8af40e630cd7e45d77b525a3218afaff8a87358e/blake3-1.0.8-cp314-cp314t-win_amd64.whl", hash = "sha256:421b99cdf1ff2d1bf703bc56c454f4b286fce68454dd8711abbcb5a0df90c19a" },
]

[[package]]
name = "colorama"
version = "0.4.6"
source = { registry = "https://mirrors.aliyun.com/pypi/simple" }
sdist = { url = "https://mirrors.aliyun.com/pypi/packages/d8/53/6f443c9a4a8358a93a6792e2acffb9d9d5cb0a5cfd8802644b7b1c9a02e4/colorama-0.4.6.tar.gz", hash = "sha256:08695f5cb7ed6e0531a20572697297273c47b8cae5a63ffc6d6ed5c201be6e44" }
wheels = [
    { url = "https://mirrors.aliyun.com/pypi/packages/d1/d6/3965ed04c63042e047cb6a3e6ed1a63a35087b6a609aa3a15ed8ac56c221/colorama-0.4.6-py2.py3-none-any.whl", hash = "sha256:4f1d9991f5acc0ca119f9d443620b77f9d6b33703e51011c16baf57afb285fc6" },
]

[[package]]
name = "file-hash-calculator"
version = "1.0.0"
source = { editable = "." }
dependencies = [
    { name = "blake3" },
    { name = "pathspec" },
    { name = "pyyaml" },
    { name = "tqdm" },
]

[package.metadata]
requires-dist = [
    { name = "blake3", specifier = ">=1.0.0" },
    { name = "pathspec", specifier = ">=0.12.0" },
    { name = "pyyaml", specifier = ">=6.0" },
    { name = "tqdm", specifier = ">=4.66.0" },
]

[[package]]
name = "pathspec"
version = "1.1.1"
source = { registry = "https://mirrors.aliyun.com/pypi/simple" }
sdist = { url = "https://mirrors.aliyun.com/pypi/packages/5a/82/42f767fc1c1143d6fd36efb827202a2d997a375e160a71eb2888a925aac1/pathspec-1.1.1.tar.gz", hash = "sha256:17db5ecd524104a120e173814c90367a96a98d07c45b2e10c2f3919fff91bf5a" }
wheels = [
    { url = "https://mirrors.aliyun.com/pypi/packages/f1/d9/7fb5aa316bc299258e68c73ba3bddbc499654a07f151cba08f6153988714/pathspec-1.1.1-py3-none-any.whl", hash = "sha256:a00ce642f577bf7f473932318056212bc4f8bfdf53128c78bbd5af0b9b20b189" },
]

[[package]]
name = "pyyaml"
version = "6.0.3"
source = { registry = "https://mirrors.aliyun.com/pypi/simple" }
sdist = { url = "https://mirrors.aliyun.com/pypi/packages/05/8e/961c0007c59b8dd7729d542c61a4d537767a59645b82a0b521206e1e25c2/pyyaml-6.0.3.tar.gz", hash = "sha256:d76623373421df22fb4cf8817020cbb7ef15c725b9d5e45f17e189bfc384190f" }
wheels = [
    { url = "https://mirrors.aliyun.com/pypi/packages/f4/a0/39350dd17dd6d6c6507025c0e53aef67a9293a6d37d3511f23ea510d5800/pyyaml-6.0.3-cp310-cp310-macosx_10_13_x86_64.whl", hash = "sha256:214ed4befebe12df36bcc8bc2b64b396ca31be9304b8f59e25c11cf94a4c033b" },
    { url = "https://mirrors.aliyun.com/pypi/packages/05/14/52d505b5c59ce73244f59c7a50ecf47093ce4765f116cdb98286a71eeca2/pyyaml-6.0.3-cp310-cp310-macosx_11_0_arm64.whl", hash = "sha256:02ea2dfa234451bbb8772601d7b8e426c2bfa197136796224e50e35a78777956" },
    { url = "https://mirrors.aliyun.com/pypi/packages/43/f7/0e6a5ae5599c838c696adb4e6330a59f463265bfa1e116cfd1fbb0abaaae/pyyaml-6.0.3-cp310-cp310-manylinux2014_aarch64.manylinux_2_17_aarch64.manylinux_2_28_aarch64.whl", hash = "sha256:b30236e45cf30d2b8e7b3e85881719e98507abed1011bf463a8fa23e9c3e98a8" },
    { url = "https://mirrors.aliyun.com/pypi/packages/2f/3a/61b9db1d28f00f8fd0ae760459a5c4bf1b941baf714e207b6eb0657d2578/pyyaml-6.0.3-cp310-cp310-manylinux2014_s390x.manylinux_2_17_s390x.manylinux_2_28_s390x.whl", hash = "sha256:66291b10affd76d76f54fad28e22e51719ef9ba22b29e1d7d03d6777a9174198" },
    { url = "https://mirrors.aliyun.com/pypi/packages/7a/1e/7acc4f0e74c4b3d9531e24739e0ab832a5edf40e64fbae1a9c01941cabd7/pyyaml-6.0.3-cp310-cp310-manylinux2014_x86_64.manylinux_2_17_x86_64.manylinux_2_28_x86_64.whl", hash = "sha256:9c7708761fccb9397fe64bbc0395abcae8c4bf7b0eac081e12b809bf47700d0b" },
    { url = "https://mirrors.aliyun.com/pypi/packages/8b/ef/abd085f06853af0cd59fa5f913d61a8eab65d7639ff2a658d18a25d6a89d/pyyaml-6.0.3-cp310-cp310-musllinux_1_2_aarch64.whl", hash = "sha256:418cf3f2111bc80e0933b2cd8cd04f286338bb88bdc7bc8e6dd775ebde60b5e0" },
    { url = "https://mirrors.aliyun.com/pypi/packages/1f/15/2bc9c8faf6450a8b3c9fc5448ed869c599c0a74ba2669772b1f3a0040180/pyyaml-6.0.3-cp310-cp310-musllinux_1_2_x86_64.whl", hash = "sha256:5e0b74767e5f8c593e8c9b5912019159ed0533c70051e9cce3e8b6aa699fcd69" },
    { url = "https://mirrors.aliyun.com/pypi/packages/a3/00/531e92e88c00f4333ce359e50c19b8d1de9fe8d581b1534e35ccfbc5f393/pyyaml-6.0.3-cp310-cp310-win32.whl", hash = "sha256:28c8d926f98f432f88adc23edf2e6d4921ac26fb084b028c733d01868d19007e" },
    { url = "https://mirrors.aliyun.com/pypi/packages/2a/fa/926c003379b19fca39dd4634818b00dec6c62d87faf628d1394e137354d4/pyyaml-6.0.3-cp310-cp310-win_amd64.whl", hash = "sha256:bdb2c67c6c1390b63c6ff89f210c8fd09d9a1217a465701eac7316313c915e4c" },
    { url = "https://mirrors.aliyun.com/pypi/packages/6d/16/a95b6757765b7b031c9374925bb718d55e0a9ba8a1b6a12d25962ea44347/pyyaml-6.0.3-cp311-cp311-macosx_10_13_x86_64.whl", hash = "sha256:44edc647873928551a01e7a563d7452ccdebee747728c1080d881d68af7b997e" },
    { url = "https://mirrors.aliyun.com/pypi/packages/16/19/13de8e4377ed53079ee996e1ab0a9c33ec2faf808a4647b7b4c0d46dd239/pyyaml-6.0.3-cp311-cp311-macosx_11_0_arm64.whl", hash = "sha256:652cb6edd41e718550aad172851962662ff2681490a8a711af6a4d288dd96824" },
    { url = "https://mirrors.aliyun.com/pypi/packages/0c/62/d2eb46264d4b157dae1275b573017abec435397aa59cbcdab6fc978a8af4/pyyaml-6.0.3-cp311-cp311-manylinux2014_aarch64.manylinux_2_17_aarch64.manylinux_2_28_aarch64.whl", hash = "sha256:10892704fc220243f5305762e276552a0395f7beb4dbf9b14ec8fd43b57f126c" },
    { url = "https://mirrors.aliyun.com/pypi/packages/10/cb/16c3f2cf3266edd25aaa00d6c4350381c8b012ed6f5276675b9eba8d9ff4/pyyaml-6.0.3-cp311-cp311-manylinux2014_s390x.manylinux_2_17_s390x.manylinux_2_28_s390x.whl", hash = "sha256:850774a7879607d3a6f50d36d04f00ee69e7fc816450e5f7e58d7f17f1ae5c00" },
    { url = "https://mirrors.aliyun.com/pypi/packages/71/60/917329f640924b18ff085ab889a11c763e0b573da888e8404ff486657602/pyyaml-6.0.3-cp311-cp311-manylinux2014_x86_64.manylinux_2_17_x86_64.manylinux_2_28_x86_64.whl", hash = "sha256:b8bb0864c5a28024fac8a632c443c87c5aa6f215c0b126c449ae1a150412f31d" },
    { url = "https://mirrors.aliyun.com/pypi/packages/dd/6f/529b0f316a9fd167281a6c3826b5583e6192dba792dd55e3203d3f8e655a/pyyaml-6.0.3-cp311-cp311-musllinux_1_2_aarch64.whl", hash = "sha256:1d37d57ad971609cf3c53ba6a7e365e40660e3be0e5175fa9f2365a379d6095a" },
    { url = "https://mirrors.aliyun.com/pypi/packages/f2/6a/b627b4e0c1dd03718543519ffb2f1deea4a1e6d42fbab8021936a4d22589/pyyaml-6.0.3-cp311-cp311-musllinux_1_2_x86_64.whl", hash = "sha256:37503bfbfc9d2c40b344d06b2199cf0e96e97957ab1c1b546fd4f87e53e5d3e4" },
    { url = "https://mirrors.aliyun.com/pypi/packages/45/91/47a6e1c42d9ee337c4839208f30d9f09caa9f720ec7582917b264defc875/pyyaml-6.0.3-cp311-cp311-win32.whl", hash = "sha256:8098f252adfa6c80ab48096053f512f2321f0b998f98150cea9bd23d83e1467b" },
    { url = "https://mirrors.aliyun.com/pypi/packages/da/e3/ea007450a105ae919a72393cb06f122f288ef60bba2dc64b26e2646fa315/pyyaml-6.0.3-cp311-cp311-win_amd64.whl", hash = "sha256:9f3bfb4965eb874431221a3ff3fdcddc7e74e3b07799e0e84ca4a0f867d449bf" },
    { url = "https://mirrors.aliyun.com/pypi/packages/d1/33/422b98d2195232ca1826284a76852ad5a86fe23e31b009c9886b2d0fb8b2/pyyaml-6.0.3-cp312-cp312-macosx_10_13_x86_64.whl", hash = "sha256:7f047e29dcae44602496db43be01ad42fc6f1cc0d8cd6c83d342306c32270196" },
    { url = "https://mirrors.aliyun.com/pypi/packages/89/a0/6cf41a19a1f2f3feab0e9c0b74134aa2ce6849093d5517a0c550fe37a648/pyyaml-6.0.3-cp312-cp312-macosx_11_0_arm64.whl", hash = "sha256:fc09d0aa354569bc501d4e787133afc08552722d3ab34836a80547331bb5d4a0" },
    { url = "https://mirrors.aliyun.com/pypi/packages/ed/23/7a778b6bd0b9a8039df8b1b1d80e2e2ad78aa04171592c8a5c43a56a6af4/pyyaml-6.0.3-cp312-cp312-manylinux2014_aarch64.manylinux_2_17_aarch64.manylinux_2_28_aarch64.whl", hash = "sha256:9149cad251584d5fb4981be1ecde53a1ca46c891a79788c0df828d2f166bda28" },
    { url = "https://mirrors.aliyun.com/pypi/packages/65/30/d7353c338e12baef4ecc1b09e877c1970bd3382789c159b4f89d6a70dc09/pyyaml-6.0.3-cp312-cp312-manylinux2014_s390x.manylinux_2_17_s390x.manylinux_2_28_s390x.whl", hash = "sha256:5fdec68f91a0c6739b380c83b951e2c72ac0197ace422360e6d5a959d8d97b2c" },
    { url = "https://mirrors.aliyun.com/pypi/packages/8b/9d/b3589d3877982d4f2329302ef98a8026e7f4443c765c46cfecc8858c6b4b/pyyaml-6.0.3-cp312-cp312-manylinux2014_x86_64.manylinux_2_17_x86_64.manylinux_2_28_x86_64.whl", hash = "sha256:ba1cc08a7ccde2d2ec775841541641e4548226580ab850948cbfda66a1befcdc" },
    { url = "https://mirrors.aliyun.com/pypi/packages/05/c0/b3be26a015601b822b97d9149ff8cb5ead58c66f981e04fedf4e762f4bd4/pyyaml-6.0.3-cp312-cp312-musllinux_1_2_aarch64.whl", hash = "sha256:8dc52c23056b9ddd46818a57b78404882310fb473d63f17b07d5c40421e47f8e" },
    { url = "https://mirrors.aliyun.com/pypi/packages/be/8e/98435a21d1d4b46590d5459a22d88128103f8da4c2d4cb8f14f2a96504e1/pyyaml-6.0.3-cp312-cp312-musllinux_1_2_x86_64.whl", hash = "sha256:41715c910c881bc081f1e8872880d3c650acf13dfa8214bad49ed4cede7c34ea" },
    { url = "https://mirrors.aliyun.com/pypi/packages/74/93/7baea19427dcfbe1e5a372d81473250b379f04b1bd3c4c5ff825e2327202/pyyaml-6.0.3-cp312-cp312-win32.whl", hash = "sha256:96b533f0e99f6579b3d4d4995707cf36df9100d67e0c8303a0c55b27b5f99bc5" },
    { url = "https://mirrors.aliyun.com/pypi/packages/86/bf/899e81e4cce32febab4fb42bb97dcdf66bc135272882d1987881a4b519e9/pyyaml-6.0.3-cp312-cp312-win_amd64.whl", hash = "sha256:5fcd34e47f6e0b794d17de1b4ff496c00986e1c83f7ab2fb8fcfe9616ff7477b" },
    { url = "https://mirrors.aliyun.com/pypi/packages/1a/08/67bd04656199bbb51dbed1439b7f27601dfb576fb864099c7ef0c3e55531/pyyaml-6.0.3-cp312-cp312-win_arm64.whl", hash = "sha256:64386e5e707d03a7e172c0701abfb7e10f0fb753ee1d773128192742712a98fd" },
    { url = "https://mirrors.aliyun.com/pypi/packages/d1/11/0fd08f8192109f7169db964b5707a2f1e8b745d4e239b784a5a1dd80d1db/pyyaml-6.0.3-cp313-cp313-macosx_10_13_x86_64.whl", hash = "sha256:8da9669d359f02c0b91ccc01cac4a67f16afec0dac22c2ad09f46bee0697eba8" },
    { url = "https://mirrors.aliyun.com/pypi/packages/b1/16/95309993f1d3748cd644e02e38b75d50cbc0d9561d21f390a76242ce073f/pyyaml-6.0.3-cp313-cp313-macosx_11_0_arm64.whl", hash = "sha256:2283a07e2c21a2aa78d9c4442724ec1eb15f5e42a723b99cb3d822d48f5f7ad1" },
    { url = "https://mirrors.aliyun.com/pypi/packages/50/31/b20f376d3f810b9b2371e72ef5adb33879b25edb7a6d072cb7ca0c486398/pyyaml-6.0.3-cp313-cp313-manylinux2014_aarch64.manylinux_2_17_aarch64.manylinux_2_28_aarch64.whl", hash = "sha256:ee2922902c45ae8ccada2c5b501ab86c36525b883eff4255313a253a3160861c" },
    { url = "https://mirrors.aliyun.com/pypi/packages/49/1e/a55ca81e949270d5d4432fbbd19dfea5321eda7c41a849d443dc92fd1ff7/pyyaml-6.0.3-cp313-cp313-manylinux2014_s390x.manylinux_2_17_s390x.manylinux_2_28_s390x.whl", hash = "sha256:a33284e20b78bd4a18c8c2282d549d10bc8408a2a7ff57653c0cf0b9be0afce5" },
    { url = "https://mirrors.aliyun.com/pypi/packages/74/27/e5b8f34d02d9995b80abcef563ea1f8b56d20134d8f4e5e81733b1feceb2/pyyaml-6.0.3-cp313-cp313-manylinux2014_x86_64.manylinux_2_17_x86_64.manylinux_2_28_x86_64.whl", hash = "sha256:0f29edc409a6392443abf94b9cf89ce99889a1dd5376d94316ae5145dfedd5d6" },
    { url = "https://mirrors.aliyun.com/pypi/packages/f9/11/ba845c23988798f40e52ba45f34849aa8a1f2d4af4b798588010792ebad6/pyyaml-6.0.3-cp313-cp313-musllinux_1_2_aarch64.whl", hash = "sha256:f7057c9a337546edc7973c0d3ba84ddcdf0daa14533c2065749c9075001090e6" },
    { url = "https://mirrors.aliyun.com/pypi/packages/3d/e0/7966e1a7bfc0a45bf0a7fb6b98ea03fc9b8d84fa7f2229e9659680b69ee3/pyyaml-6.0.3-cp313-cp313-musllinux_1_2_x86_64.whl", hash = "sha256:eda16858a3cab07b80edaf74336ece1f986ba330fdb8ee0d6c0d68fe82bc96be" },
    { url = "https://mirrors.aliyun.com/pypi/packages/de/94/980b50a6531b3019e45ddeada0626d45fa85cbe22300844a7983285bed3b/pyyaml-6.0.3-cp313-cp313-win32.whl", hash = "sha256:d0eae10f8159e8fdad514efdc92d74fd8d682c933a6dd088030f3834bc8e6b26" },
    { url = "https://mirrors.aliyun.com/pypi/packages/97/c9/39d5b874e8b28845e4ec2202b5da735d0199dbe5b8fb85f91398814a9a46/pyyaml-6.0.3-cp313-cp313-win_amd64.whl", hash = "sha256:79005a0d97d5ddabfeeea4cf676af11e647e41d81c9a7722a193022accdb6b7c" },
    { url = "https://mirrors.aliyun.com/pypi/packages/73/e8/2bdf3ca2090f68bb3d75b44da7bbc71843b19c9f2b9cb9b0f4ab7a5a4329/pyyaml-6.0.3-cp313-cp313-win_arm64.whl", hash = "sha256:5498cd1645aa724a7c71c8f378eb29ebe23da2fc0d7a08071d89469bf1d2defb" },
    { url = "https://mirrors.aliyun.com/pypi/packages/9d/8c/f4bd7f6465179953d3ac9bc44ac1a8a3e6122cf8ada906b4f96c60172d43/pyyaml-6.0.3-cp314-cp314-macosx_10_13_x86_64.whl", hash = "sha256:8d1fab6bb153a416f9aeb4b8763bc0f22a5586065f86f7664fc23339fc1c1fac" },
    { url = "https://mirrors.aliyun.com/pypi/packages/bd/9c/4d95bb87eb2063d20db7b60faa3840c1b18025517ae857371c4dd55a6b3a/pyyaml-6.0.3-cp314-cp314-macosx_11_0_arm64.whl", hash = "sha256:34d5fcd24b8445fadc33f9cf348c1047101756fd760b4dacb5c3e99755703310" },
    { url = "https://mirrors.aliyun.com/pypi/packages/92/b5/47e807c2623074914e29dabd16cbbdd4bf5e9b2db9f8090fa64411fc5382/pyyaml-6.0.3-cp314-cp314-manylinux2014_aarch64.manylinux_2_17_aarch64.manylinux_2_28_aarch64.whl", hash = "sha256:501a031947e3a9025ed4405a168e6ef5ae3126c59f90ce0cd6f2bfc477be31b7" },
    { url = "https://mirrors.aliyun.com/pypi/packages/02/9e/e5e9b168be58564121efb3de6859c452fccde0ab093d8438905899a3a483/pyyaml-6.0.3-cp314-cp314-manylinux2014_s390x.manylinux_2_17_s390x.manylinux_2_28_s390x.whl", hash = "sha256:b3bc83488de33889877a0f2543ade9f70c67d66d9ebb4ac959502e12de895788" },
    { url = "https://mirrors.aliyun.com/pypi/packages/88/f9/16491d7ed2a919954993e48aa941b200f38040928474c9e85ea9e64222c3/pyyaml-6.0.3-cp314-cp314-manylinux2014_x86_64.manylinux_2_17_x86_64.manylinux_2_28_x86_64.whl", hash = "sha256:c458b6d084f9b935061bc36216e8a69a7e293a2f1e68bf956dcd9e6cbcd143f5" },
    { url = "https://mirrors.aliyun.com/pypi/packages/dd/3f/5989debef34dc6397317802b527dbbafb2b4760878a53d4166579111411e/pyyaml-6.0.3-cp314-cp314-musllinux_1_2_aarch64.whl", hash = "sha256:7c6610def4f163542a622a73fb39f534f8c101d690126992300bf3207eab9764" },
    { url = "https://mirrors.aliyun.com/pypi/packages/d7/ce/af88a49043cd2e265be63d083fc75b27b6ed062f5f9fd6cdc223ad62f03e/pyyaml-6.0.3-cp314-cp314-musllinux_1_2_x86_64.whl", hash = "sha256:5190d403f121660ce8d1d2c1bb2ef1bd05b5f68533fc5c2ea899bd15f4399b35" },
    { url = "https://mirrors.aliyun.com/pypi/packages/23/20/bb6982b26a40bb43951265ba29d4c246ef0ff59c9fdcdf0ed04e0687de4d/pyyaml-6.0.3-cp314-cp314-win_amd64.whl", hash = "sha256:4a2e8cebe2ff6ab7d1050ecd59c25d4c8bd7e6f400f5f82b96557ac0abafd0ac" },
    { url = "https://mirrors.aliyun.com/pypi/packages/f4/f4/a4541072bb9422c8a883ab55255f918fa378ecf083f5b85e87fc2b4eda1b/pyyaml-6.0.3-cp314-cp314-win_arm64.whl", hash = "sha256:93dda82c9c22deb0a405ea4dc5f2d0cda384168e466364dec6255b293923b2f3" },
    { url = "https://mirrors.aliyun.com/pypi/packages/7c/f9/07dd09ae774e4616edf6cda684ee78f97777bdd15847253637a6f052a62f/pyyaml-6.0.3-cp314-cp314t-macosx_10_13_x86_64.whl", hash = "sha256:02893d100e99e03eda1c8fd5c441d8c60103fd175728e23e431db1b589cf5ab3" },
    { url = "https://mirrors.aliyun.com/pypi/packages/4e/78/8d08c9fb7ce09ad8c38ad533c1191cf27f7ae1effe5bb9400a46d9437fcf/pyyaml-6.0.3-cp314-cp314t-macosx_11_0_arm64.whl", hash = "sha256:c1ff362665ae507275af2853520967820d9124984e0f7466736aea23d8611fba" },
    { url = "https://mirrors.aliyun.com/pypi/packages/7b/5b/3babb19104a46945cf816d047db2788bcaf8c94527a805610b0289a01c6b/pyyaml-6.0.3-cp314-cp314t-manylinux2014_aarch64.manylinux_2_17_aarch64.manylinux_2_28_aarch64.whl", hash = "sha256:6adc77889b628398debc7b65c073bcb99c4a0237b248cacaf3fe8a557563ef6c" },
    { url = "https://mirrors.aliyun.com/pypi/packages/8b/cc/dff0684d8dc44da4d22a13f35f073d558c268780ce3c6ba1b87055bb0b87/pyyaml-6.0.3-cp314-cp314t-manylinux2014_s390x.manylinux_2_17_s390x.manylinux_2_28_s390x.whl", hash = "sha256:a80cb027f6b349846a3bf6d73b5e95e782175e52f22108cfa17876aaeff93702" },
    { url = "https://mirrors.aliyun.com/pypi/packages/b1/5e/f77dc6b9036943e285ba76b49e118d9ea929885becb0a29ba8a7c75e29fe/pyyaml-6.0.3-cp314-cp314t-manylinux2014_x86_64.manylinux_2_17_x86_64.manylinux_2_28_x86_64.whl", hash = "sha256:00c4bdeba853cc34e7dd471f16b4114f4162dc03e6b7afcc2128711f0eca823c" },
    { url = "https://mirrors.aliyun.com/pypi/packages/ce/88/a9db1376aa2a228197c58b37302f284b5617f56a5d959fd1763fb1675ce6/pyyaml-6.0.3-cp314-cp314t-musllinux_1_2_aarch64.whl", hash = "sha256:66e1674c3ef6f541c35191caae2d429b967b99e02040f5ba928632d9a7f0f065" },
    { url = "https://mirrors.aliyun.com/pypi/packages/da/92/1446574745d74df0c92e6aa4a7b0b3130706a4142b2d1a5869f2eaa423c6/pyyaml-6.0.3-cp314-cp314t-musllinux_1_2_x86_64.whl", hash = "sha256:16249ee61e95f858e83976573de0f5b2893b3677ba71c9dd36b9cf8be9ac6d65" },
    { url = "https://mirrors.aliyun.com/pypi/packages/f0/7a/1c7270340330e575b92f397352af856a8c06f230aa3e76f86b39d01b416a/pyyaml-6.0.3-cp314-cp314t-win_amd64.whl", hash = "sha256:4ad1906908f2f5ae4e5a8ddfce73c320c2a1429ec52eafd27138b7f1cbe341c9" },
    { url = "https://mirrors.aliyun.com/pypi/packages/f1/12/de94a39c2ef588c7e6455cfbe7343d3b2dc9d6b6b2f40c4c6565744c873d/pyyaml-6.0.3-cp314-cp314t-win_arm64.whl", hash = "sha256:ebc55a14a21cb14062aa4162f906cd962b28e2e9ea38f9b4391244cd8de4ae0b" },
]

[[package]]
name = "tqdm"
version = "4.68.2"
source = { registry = "https://mirrors.aliyun.com/pypi/simple" }
dependencies = [
    { name = "colorama", marker = "sys_platform == 'win32'" },
]
sdist = { url = "https://mirrors.aliyun.com/pypi/packages/85/05/0d5260f1f1ca784f4a4a0def9cbe6affe587f5b4025328d446c3d67765f4/tqdm-4.68.2.tar.gz", hash = "sha256:89c230e8dbc67c7615c142487111222f878c77427ea09549960f62389e258add" }
wheels = [
    { url = "https://mirrors.aliyun.com/pypi/packages/eb/75/1a0392bcc21c44dcdf87b3cf2d137e7829be2c083a1e38d44efca3d57a16/tqdm-4.68.2-py3-none-any.whl", hash = "sha256:d4240441fb5353290b87d6a85968c9decc131a99b8c7faa28269d829de669ede" },
]

[[package]]
name = "typing-extensions"
version = "4.15.0"
source = { registry = "https://mirrors.aliyun.com/pypi/simple" }
sdist = { url = "https://mirrors.aliyun.com/pypi/packages/72/94/1a15dd82efb362ac84269196e94cf00f187f7ed21c242792a923cdb1c61f/typing_extensions-4.15.0.tar.gz", hash = "sha256:0cea48d173cc12fa28ecabc3b837ea3cf6f38c6d1136f85cbaaf598984861466" }
wheels = [
    { url = "https://mirrors.aliyun.com/pypi/packages/18/67/36e9267722cc04a6b9f15c7f3441c2363321a3ea07da7ae0c0707beb2a9c/typing_extensions-4.15.0-py3-none-any.whl", hash = "sha256:f0fa19c6845758ab08074a0cfa8b7aecb71c999ca73d62883bc25cc018c4e548" },
]
